{
  "pins" : [
    {
      "identity" : "metrotransitkit",
      "kind" : "remoteSourceControl",
      "location" : "https://github.com/jacobhearst/metrotransitkit",
      "state" : {
        "revision" : "7044a1f0d867b89a99af0c4424f00377cf6121ec",
        "version" : "1.0.1"
      }
    }
  ],
  "version" : 2
}
