{
  "pins" : [
    {
      "identity" : "metrotransitkit",
      "kind" : "remoteSourceControl",
      "location" : "https://github.com/jacobhearst/metrotransitkit",
      "state" : {
        "revision" : "a6d58ddcdc64a3e361140871ac1889b4b09b0723",
        "version" : "1.1.0"
      }
    }
  ],
  "version" : 2
}
