{
  "pins" : [
    {
      "identity" : "metrotransitkit",
      "kind" : "remoteSourceControl",
      "location" : "https://github.com/jacobhearst/metrotransitkit",
      "state" : {
        "revision" : "d508170f7a88a81014b3ce18b222209b1139ef46",
        "version" : "2.1.1"
      }
    }
  ],
  "version" : 2
}
