// !$*UTF8*$!
{
	archiveVersion = 1;
	classes = {
	};
	objectVersion = 55;
	objects = {

/* Begin PBXBuildFile section */
		06493FDB28634D8700B26BBF /* StopDetailViewModel.swift in Sources */ = {isa = PBXBuildFile; fileRef = 06493FDA28634D8700B26BBF /* StopDetailViewModel.swift */; };
		06537950285CAF490088E809 /* FavoritesView.swift in Sources */ = {isa = PBXBuildFile; fileRef = 0653794F285CAF490088E809 /* FavoritesView.swift */; };
		06537952285CB18F0088E809 /* FavoritesViewModel.swift in Sources */ = {isa = PBXBuildFile; fileRef = 06537951285CB18F0088E809 /* FavoritesViewModel.swift */; };
		065C8CAD28511E0800A129F9 /* RoutesView.swift in Sources */ = {isa = PBXBuildFile; fileRef = 065C8CAB28511E0800A129F9 /* RoutesView.swift */; };
		065C8CAE28511E0800A129F9 /* RoutesViewModel.swift in Sources */ = {isa = PBXBuildFile; fileRef = 065C8CAC28511E0800A129F9 /* RoutesViewModel.swift */; };
		065C8CB028511EA600A129F9 /* RouteDetailView.swift in Sources */ = {isa = PBXBuildFile; fileRef = 065C8CAF28511EA600A129F9 /* RouteDetailView.swift */; };
		065C8CB328511EBB00A129F9 /* RouteDetailViewModel.swift in Sources */ = {isa = PBXBuildFile; fileRef = 065C8CB228511EBB00A129F9 /* RouteDetailViewModel.swift */; };
		0672D28C284FE52C00AF75A0 /* SearchBar.swift in Sources */ = {isa = PBXBuildFile; fileRef = 0672D28B284FE52C00AF75A0 /* SearchBar.swift */; };
		0672D2912850D3E200AF75A0 /* MapKit.framework in Frameworks */ = {isa = PBXBuildFile; fileRef = 0672D2902850D3E200AF75A0 /* MapKit.framework */; };
		0672D2932850D42A00AF75A0 /* MapView.swift in Sources */ = {isa = PBXBuildFile; fileRef = 0672D2922850D42A00AF75A0 /* MapView.swift */; };
		06B265E12862468C001524E3 /* StopDetailView.swift in Sources */ = {isa = PBXBuildFile; fileRef = 06B265E02862468C001524E3 /* StopDetailView.swift */; };
		06C9FA3F2850E7CE00A80444 /* MapViewModel.swift in Sources */ = {isa = PBXBuildFile; fileRef = 06C9FA3E2850E7CE00A80444 /* MapViewModel.swift */; };
		06C9FA452851029E00A80444 /* Vehicle.swift in Sources */ = {isa = PBXBuildFile; fileRef = 06C9FA442851029E00A80444 /* Vehicle.swift */; };
		06C9FA472851050E00A80444 /* VehicleMapAnnotation.swift in Sources */ = {isa = PBXBuildFile; fileRef = 06C9FA462851050E00A80444 /* VehicleMapAnnotation.swift */; };
		06D13ADC284A429600A359E0 /* MetroTransitBoardiOSApp.swift in Sources */ = {isa = PBXBuildFile; fileRef = 06D13ADB284A429600A359E0 /* MetroTransitBoardiOSApp.swift */; };
		06D13ADE284A429600A359E0 /* ContentView.swift in Sources */ = {isa = PBXBuildFile; fileRef = 06D13ADD284A429600A359E0 /* ContentView.swift */; };
		06D13AE0284A429700A359E0 /* Assets.xcassets in Resources */ = {isa = PBXBuildFile; fileRef = 06D13ADF284A429700A359E0 /* Assets.xcassets */; };
		06D13AE3284A429700A359E0 /* Preview Assets.xcassets in Resources */ = {isa = PBXBuildFile; fileRef = 06D13AE2284A429700A359E0 /* Preview Assets.xcassets */; };
		06D13AEB284A42BA00A359E0 /* MetroTransitKit in Frameworks */ = {isa = PBXBuildFile; productRef = 06D13AEA284A42BA00A359E0 /* MetroTransitKit */; };
		06D13AF0284A437400A359E0 /* DeparturesView.swift in Sources */ = {isa = PBXBuildFile; fileRef = 06D13AEF284A437400A359E0 /* DeparturesView.swift */; };
		06D13AF2284A463700A359E0 /* DeparturesViewModel.swift in Sources */ = {isa = PBXBuildFile; fileRef = 06D13AF1284A463700A359E0 /* DeparturesViewModel.swift */; };
		06D13AF8284A4C5400A359E0 /* DeparturesListView.swift in Sources */ = {isa = PBXBuildFile; fileRef = 06D13AF7284A4C5400A359E0 /* DeparturesListView.swift */; };
		06D13B01284E3FE400A359E0 /* Departure.swift in Sources */ = {isa = PBXBuildFile; fileRef = 06D13B00284E3FE400A359E0 /* Departure.swift */; };
		06F62C9228637743007F4194 /* UserDefaultsService.swift in Sources */ = {isa = PBXBuildFile; fileRef = 06F62C9128637743007F4194 /* UserDefaultsService.swift */; };
/* End PBXBuildFile section */

/* Begin PBXFileReference section */
		06493FDA28634D8700B26BBF /* StopDetailViewModel.swift */ = {isa = PBXFileReference; lastKnownFileType = sourcecode.swift; path = StopDetailViewModel.swift; sourceTree = "<group>"; };
		0653794F285CAF490088E809 /* FavoritesView.swift */ = {isa = PBXFileReference; lastKnownFileType = sourcecode.swift; path = FavoritesView.swift; sourceTree = "<group>"; };
		06537951285CB18F0088E809 /* FavoritesViewModel.swift */ = {isa = PBXFileReference; lastKnownFileType = sourcecode.swift; path = FavoritesViewModel.swift; sourceTree = "<group>"; };
		065C8CAB28511E0800A129F9 /* RoutesView.swift */ = {isa = PBXFileReference; fileEncoding = 4; lastKnownFileType = sourcecode.swift; path = RoutesView.swift; sourceTree = "<group>"; };
		065C8CAC28511E0800A129F9 /* RoutesViewModel.swift */ = {isa = PBXFileReference; fileEncoding = 4; lastKnownFileType = sourcecode.swift; path = RoutesViewModel.swift; sourceTree = "<group>"; };
		065C8CAF28511EA600A129F9 /* RouteDetailView.swift */ = {isa = PBXFileReference; lastKnownFileType = sourcecode.swift; path = RouteDetailView.swift; sourceTree = "<group>"; };
		065C8CB228511EBB00A129F9 /* RouteDetailViewModel.swift */ = {isa = PBXFileReference; lastKnownFileType = sourcecode.swift; path = RouteDetailViewModel.swift; sourceTree = "<group>"; };
		0672D28B284FE52C00AF75A0 /* SearchBar.swift */ = {isa = PBXFileReference; lastKnownFileType = sourcecode.swift; path = SearchBar.swift; sourceTree = "<group>"; };
		0672D28E2850D3E200AF75A0 /* Info.plist */ = {isa = PBXFileReference; lastKnownFileType = text.plist; path = Info.plist; sourceTree = "<group>"; };
		0672D2902850D3E200AF75A0 /* MapKit.framework */ = {isa = PBXFileReference; lastKnownFileType = wrapper.framework; name = MapKit.framework; path = System/Library/Frameworks/MapKit.framework; sourceTree = SDKROOT; };
		0672D2922850D42A00AF75A0 /* MapView.swift */ = {isa = PBXFileReference; lastKnownFileType = sourcecode.swift; path = MapView.swift; sourceTree = "<group>"; };
		06B265E02862468C001524E3 /* StopDetailView.swift */ = {isa = PBXFileReference; lastKnownFileType = sourcecode.swift; path = StopDetailView.swift; sourceTree = "<group>"; };
		06C9FA3E2850E7CE00A80444 /* MapViewModel.swift */ = {isa = PBXFileReference; lastKnownFileType = sourcecode.swift; path = MapViewModel.swift; sourceTree = "<group>"; };
		06C9FA442851029E00A80444 /* Vehicle.swift */ = {isa = PBXFileReference; lastKnownFileType = sourcecode.swift; path = Vehicle.swift; sourceTree = "<group>"; };
		06C9FA462851050E00A80444 /* VehicleMapAnnotation.swift */ = {isa = PBXFileReference; lastKnownFileType = sourcecode.swift; path = VehicleMapAnnotation.swift; sourceTree = "<group>"; };
		06D13AD8284A429600A359E0 /* MetroTransitBoardiOS.app */ = {isa = PBXFileReference; explicitFileType = wrapper.application; includeInIndex = 0; path = MetroTransitBoardiOS.app; sourceTree = BUILT_PRODUCTS_DIR; };
		06D13ADB284A429600A359E0 /* MetroTransitBoardiOSApp.swift */ = {isa = PBXFileReference; lastKnownFileType = sourcecode.swift; path = MetroTransitBoardiOSApp.swift; sourceTree = "<group>"; };
		06D13ADD284A429600A359E0 /* ContentView.swift */ = {isa = PBXFileReference; lastKnownFileType = sourcecode.swift; path = ContentView.swift; sourceTree = "<group>"; };
		06D13ADF284A429700A359E0 /* Assets.xcassets */ = {isa = PBXFileReference; lastKnownFileType = folder.assetcatalog; path = Assets.xcassets; sourceTree = "<group>"; };
		06D13AE2284A429700A359E0 /* Preview Assets.xcassets */ = {isa = PBXFileReference; lastKnownFileType = folder.assetcatalog; path = "Preview Assets.xcassets"; sourceTree = "<group>"; };
		06D13AEF284A437400A359E0 /* DeparturesView.swift */ = {isa = PBXFileReference; lastKnownFileType = sourcecode.swift; path = DeparturesView.swift; sourceTree = "<group>"; };
		06D13AF1284A463700A359E0 /* DeparturesViewModel.swift */ = {isa = PBXFileReference; lastKnownFileType = sourcecode.swift; path = DeparturesViewModel.swift; sourceTree = "<group>"; };
		06D13AF7284A4C5400A359E0 /* DeparturesListView.swift */ = {isa = PBXFileReference; lastKnownFileType = sourcecode.swift; path = DeparturesListView.swift; sourceTree = "<group>"; };
		06D13B00284E3FE400A359E0 /* Departure.swift */ = {isa = PBXFileReference; lastKnownFileType = sourcecode.swift; path = Departure.swift; sourceTree = "<group>"; };
		06F62C9128637743007F4194 /* UserDefaultsService.swift */ = {isa = PBXFileReference; lastKnownFileType = sourcecode.swift; path = UserDefaultsService.swift; sourceTree = "<group>"; };
/* End PBXFileReference section */

/* Begin PBXFrameworksBuildPhase section */
		06D13AD5284A429600A359E0 /* Frameworks */ = {
			isa = PBXFrameworksBuildPhase;
			buildActionMask = 2147483647;
			files = (
				0672D2912850D3E200AF75A0 /* MapKit.framework in Frameworks */,
				06D13AEB284A42BA00A359E0 /* MetroTransitKit in Frameworks */,
			);
			runOnlyForDeploymentPostprocessing = 0;
		};
/* End PBXFrameworksBuildPhase section */

/* Begin PBXGroup section */
		06493FD928634D6E00B26BBF /* Stop */ = {
			isa = PBXGroup;
			children = (
				06B265E02862468C001524E3 /* StopDetailView.swift */,
				06493FDA28634D8700B26BBF /* StopDetailViewModel.swift */,
			);
			path = Stop;
			sourceTree = "<group>";
		};
		0653794E285CAF350088E809 /* Favorites */ = {
			isa = PBXGroup;
			children = (
				0653794F285CAF490088E809 /* FavoritesView.swift */,
				06537951285CB18F0088E809 /* FavoritesViewModel.swift */,
			);
			path = Favorites;
			sourceTree = "<group>";
		};
		065C8CAA28511DE800A129F9 /* Routes */ = {
			isa = PBXGroup;
			children = (
				065C8CAB28511E0800A129F9 /* RoutesView.swift */,
				065C8CAC28511E0800A129F9 /* RoutesViewModel.swift */,
			);
			path = Routes;
			sourceTree = "<group>";
		};
		065C8CB128511EAC00A129F9 /* Route */ = {
			isa = PBXGroup;
			children = (
				065C8CAF28511EA600A129F9 /* RouteDetailView.swift */,
				065C8CB228511EBB00A129F9 /* RouteDetailViewModel.swift */,
			);
			path = Route;
			sourceTree = "<group>";
		};
		0672D28A284FE52000AF75A0 /* SharedUI */ = {
			isa = PBXGroup;
			children = (
				06D13AF6284A4C4300A359E0 /* DeparturesList */,
				06B265DF28624673001524E3 /* Detail */,
				0672D28B284FE52C00AF75A0 /* SearchBar.swift */,
			);
			path = SharedUI;
			sourceTree = "<group>";
		};
		0672D28D2850D3BC00AF75A0 /* Map */ = {
			isa = PBXGroup;
			children = (
				0672D2922850D42A00AF75A0 /* MapView.swift */,
				06C9FA3E2850E7CE00A80444 /* MapViewModel.swift */,
				06C9FA462851050E00A80444 /* VehicleMapAnnotation.swift */,
			);
			path = Map;
			sourceTree = "<group>";
		};
		0672D28F2850D3E200AF75A0 /* Frameworks */ = {
			isa = PBXGroup;
			children = (
				0672D2902850D3E200AF75A0 /* MapKit.framework */,
			);
			name = Frameworks;
			sourceTree = "<group>";
		};
		06B265DF28624673001524E3 /* Detail */ = {
			isa = PBXGroup;
			children = (
				06493FD928634D6E00B26BBF /* Stop */,
				065C8CB128511EAC00A129F9 /* Route */,
			);
			path = Detail;
			sourceTree = "<group>";
		};
		06D13ACF284A429600A359E0 = {
			isa = PBXGroup;
			children = (
				06D13ADA284A429600A359E0 /* MetroTransitBoardiOS */,
				06D13AD9284A429600A359E0 /* Products */,
				0672D28F2850D3E200AF75A0 /* Frameworks */,
			);
			sourceTree = "<group>";
		};
		06D13AD9284A429600A359E0 /* Products */ = {
			isa = PBXGroup;
			children = (
				06D13AD8284A429600A359E0 /* MetroTransitBoardiOS.app */,
			);
			name = Products;
			sourceTree = "<group>";
		};
		06D13ADA284A429600A359E0 /* MetroTransitBoardiOS */ = {
			isa = PBXGroup;
			children = (
				06F62C9028637738007F4194 /* Services */,
				0672D28E2850D3E200AF75A0 /* Info.plist */,
				0672D28A284FE52000AF75A0 /* SharedUI */,
				06D13AFF284E3FD400A359E0 /* Extensions */,
				06D13AEC284A435800A359E0 /* Scenes */,
				06D13ADB284A429600A359E0 /* MetroTransitBoardiOSApp.swift */,
				06D13ADD284A429600A359E0 /* ContentView.swift */,
				06D13ADF284A429700A359E0 /* Assets.xcassets */,
				06D13AE1284A429700A359E0 /* Preview Content */,
			);
			path = MetroTransitBoardiOS;
			sourceTree = "<group>";
		};
		06D13AE1284A429700A359E0 /* Preview Content */ = {
			isa = PBXGroup;
			children = (
				06D13AE2284A429700A359E0 /* Preview Assets.xcassets */,
			);
			path = "Preview Content";
			sourceTree = "<group>";
		};
		06D13AEC284A435800A359E0 /* Scenes */ = {
			isa = PBXGroup;
			children = (
				0653794E285CAF350088E809 /* Favorites */,
				065C8CAA28511DE800A129F9 /* Routes */,
				0672D28D2850D3BC00AF75A0 /* Map */,
				06D13AF5284A4C3800A359E0 /* Departures */,
			);
			path = Scenes;
			sourceTree = "<group>";
		};
		06D13AF5284A4C3800A359E0 /* Departures */ = {
			isa = PBXGroup;
			children = (
				06D13AEF284A437400A359E0 /* DeparturesView.swift */,
				06D13AF1284A463700A359E0 /* DeparturesViewModel.swift */,
			);
			path = Departures;
			sourceTree = "<group>";
		};
		06D13AF6284A4C4300A359E0 /* DeparturesList */ = {
			isa = PBXGroup;
			children = (
				06D13AF7284A4C5400A359E0 /* DeparturesListView.swift */,
			);
			path = DeparturesList;
			sourceTree = "<group>";
		};
		06D13AFF284E3FD400A359E0 /* Extensions */ = {
			isa = PBXGroup;
			children = (
				06D13B00284E3FE400A359E0 /* Departure.swift */,
				06C9FA442851029E00A80444 /* Vehicle.swift */,
			);
			path = Extensions;
			sourceTree = "<group>";
		};
		06F62C9028637738007F4194 /* Services */ = {
			isa = PBXGroup;
			children = (
				06F62C9128637743007F4194 /* UserDefaultsService.swift */,
			);
			path = Services;
			sourceTree = "<group>";
		};
/* End PBXGroup section */

/* Begin PBXNativeTarget section */
		06D13AD7284A429600A359E0 /* MetroTransitBoardiOS */ = {
			isa = PBXNativeTarget;
			buildConfigurationList = 06D13AE6284A429700A359E0 /* Build configuration list for PBXNativeTarget "MetroTransitBoardiOS" */;
			buildPhases = (
				06D13AD4284A429600A359E0 /* Sources */,
				06D13AD5284A429600A359E0 /* Frameworks */,
				06D13AD6284A429600A359E0 /* Resources */,
			);
			buildRules = (
			);
			dependencies = (
			);
			name = MetroTransitBoardiOS;
			packageProductDependencies = (
				06D13AEA284A42BA00A359E0 /* MetroTransitKit */,
			);
			productName = MetroTransitBoard;
			productReference = 06D13AD8284A429600A359E0 /* MetroTransitBoardiOS.app */;
			productType = "com.apple.product-type.application";
		};
/* End PBXNativeTarget section */

/* Begin PBXProject section */
		06D13AD0284A429600A359E0 /* Project object */ = {
			isa = PBXProject;
			attributes = {
				BuildIndependentTargetsInParallel = 1;
				LastSwiftUpdateCheck = 1340;
				LastUpgradeCheck = 1340;
				TargetAttributes = {
					06D13AD7284A429600A359E0 = {
						CreatedOnToolsVersion = 13.4;
					};
				};
			};
			buildConfigurationList = 06D13AD3284A429600A359E0 /* Build configuration list for PBXProject "MetroTransitBoardiOS" */;
			compatibilityVersion = "Xcode 13.0";
			developmentRegion = en;
			hasScannedForEncodings = 0;
			knownRegions = (
				en,
				Base,
			);
			mainGroup = 06D13ACF284A429600A359E0;
			packageReferences = (
				06D13AE9284A42BA00A359E0 /* XCRemoteSwiftPackageReference "metrotransitkit" */,
			);
			productRefGroup = 06D13AD9284A429600A359E0 /* Products */;
			projectDirPath = "";
			projectRoot = "";
			targets = (
				06D13AD7284A429600A359E0 /* MetroTransitBoardiOS */,
			);
		};
/* End PBXProject section */

/* Begin PBXResourcesBuildPhase section */
		06D13AD6284A429600A359E0 /* Resources */ = {
			isa = PBXResourcesBuildPhase;
			buildActionMask = 2147483647;
			files = (
				06D13AE3284A429700A359E0 /* Preview Assets.xcassets in Resources */,
				06D13AE0284A429700A359E0 /* Assets.xcassets in Resources */,
			);
			runOnlyForDeploymentPostprocessing = 0;
		};
/* End PBXResourcesBuildPhase section */

/* Begin PBXSourcesBuildPhase section */
		06D13AD4284A429600A359E0 /* Sources */ = {
			isa = PBXSourcesBuildPhase;
			buildActionMask = 2147483647;
			files = (
				065C8CAE28511E0800A129F9 /* RoutesViewModel.swift in Sources */,
				065C8CB028511EA600A129F9 /* RouteDetailView.swift in Sources */,
				06D13ADE284A429600A359E0 /* ContentView.swift in Sources */,
				06C9FA472851050E00A80444 /* VehicleMapAnnotation.swift in Sources */,
				065C8CB328511EBB00A129F9 /* RouteDetailViewModel.swift in Sources */,
				0672D2932850D42A00AF75A0 /* MapView.swift in Sources */,
				06537950285CAF490088E809 /* FavoritesView.swift in Sources */,
				06B265E12862468C001524E3 /* StopDetailView.swift in Sources */,
				06537952285CB18F0088E809 /* FavoritesViewModel.swift in Sources */,
				06D13AF8284A4C5400A359E0 /* DeparturesListView.swift in Sources */,
				065C8CAD28511E0800A129F9 /* RoutesView.swift in Sources */,
				06493FDB28634D8700B26BBF /* StopDetailViewModel.swift in Sources */,
				06F62C9228637743007F4194 /* UserDefaultsService.swift in Sources */,
				06D13B01284E3FE400A359E0 /* Departure.swift in Sources */,
				06D13AF0284A437400A359E0 /* DeparturesView.swift in Sources */,
				06D13ADC284A429600A359E0 /* MetroTransitBoardiOSApp.swift in Sources */,
				0672D28C284FE52C00AF75A0 /* SearchBar.swift in Sources */,
				06D13AF2284A463700A359E0 /* DeparturesViewModel.swift in Sources */,
				06C9FA452851029E00A80444 /* Vehicle.swift in Sources */,
				06C9FA3F2850E7CE00A80444 /* MapViewModel.swift in Sources */,
			);
			runOnlyForDeploymentPostprocessing = 0;
		};
/* End PBXSourcesBuildPhase section */

/* Begin XCBuildConfiguration section */
		06D13AE4284A429700A359E0 /* Debug */ = {
			isa = XCBuildConfiguration;
			buildSettings = {
				ALWAYS_SEARCH_USER_PATHS = NO;
				CLANG_ANALYZER_NONNULL = YES;
				CLANG_ANALYZER_NUMBER_OBJECT_CONVERSION = YES_AGGRESSIVE;
				CLANG_CXX_LANGUAGE_STANDARD = "gnu++17";
				CLANG_ENABLE_MODULES = YES;
				CLANG_ENABLE_OBJC_ARC = YES;
				CLANG_ENABLE_OBJC_WEAK = YES;
				CLANG_WARN_BLOCK_CAPTURE_AUTORELEASING = YES;
				CLANG_WARN_BOOL_CONVERSION = YES;
				CLANG_WARN_COMMA = YES;
				CLANG_WARN_CONSTANT_CONVERSION = YES;
				CLANG_WARN_DEPRECATED_OBJC_IMPLEMENTATIONS = YES;
				CLANG_WARN_DIRECT_OBJC_ISA_USAGE = YES_ERROR;
				CLANG_WARN_DOCUMENTATION_COMMENTS = YES;
				CLANG_WARN_EMPTY_BODY = YES;
				CLANG_WARN_ENUM_CONVERSION = YES;
				CLANG_WARN_INFINITE_RECURSION = YES;
				CLANG_WARN_INT_CONVERSION = YES;
				CLANG_WARN_NON_LITERAL_NULL_CONVERSION = YES;
				CLANG_WARN_OBJC_IMPLICIT_RETAIN_SELF = YES;
				CLANG_WARN_OBJC_LITERAL_CONVERSION = YES;
				CLANG_WARN_OBJC_ROOT_CLASS = YES_ERROR;
				CLANG_WARN_QUOTED_INCLUDE_IN_FRAMEWORK_HEADER = YES;
				CLANG_WARN_RANGE_LOOP_ANALYSIS = YES;
				CLANG_WARN_STRICT_PROTOTYPES = YES;
				CLANG_WARN_SUSPICIOUS_MOVE = YES;
				CLANG_WARN_UNGUARDED_AVAILABILITY = YES_AGGRESSIVE;
				CLANG_WARN_UNREACHABLE_CODE = YES;
				CLANG_WARN__DUPLICATE_METHOD_MATCH = YES;
				COPY_PHASE_STRIP = NO;
				DEBUG_INFORMATION_FORMAT = dwarf;
				ENABLE_STRICT_OBJC_MSGSEND = YES;
				ENABLE_TESTABILITY = YES;
				GCC_C_LANGUAGE_STANDARD = gnu11;
				GCC_DYNAMIC_NO_PIC = NO;
				GCC_NO_COMMON_BLOCKS = YES;
				GCC_OPTIMIZATION_LEVEL = 0;
				GCC_PREPROCESSOR_DEFINITIONS = (
					"DEBUG=1",
					"$(inherited)",
				);
				GCC_WARN_64_TO_32_BIT_CONVERSION = YES;
				GCC_WARN_ABOUT_RETURN_TYPE = YES_ERROR;
				GCC_WARN_UNDECLARED_SELECTOR = YES;
				GCC_WARN_UNINITIALIZED_AUTOS = YES_AGGRESSIVE;
				GCC_WARN_UNUSED_FUNCTION = YES;
				GCC_WARN_UNUSED_VARIABLE = YES;
				IPHONEOS_DEPLOYMENT_TARGET = 15.5;
				MTL_ENABLE_DEBUG_INFO = INCLUDE_SOURCE;
				MTL_FAST_MATH = YES;
				ONLY_ACTIVE_ARCH = YES;
				SDKROOT = iphoneos;
				SWIFT_ACTIVE_COMPILATION_CONDITIONS = DEBUG;
				SWIFT_OPTIMIZATION_LEVEL = "-Onone";
			};
			name = Debug;
		};
		06D13AE5284A429700A359E0 /* Release */ = {
			isa = XCBuildConfiguration;
			buildSettings = {
				ALWAYS_SEARCH_USER_PATHS = NO;
				CLANG_ANALYZER_NONNULL = YES;
				CLANG_ANALYZER_NUMBER_OBJECT_CONVERSION = YES_AGGRESSIVE;
				CLANG_CXX_LANGUAGE_STANDARD = "gnu++17";
				CLANG_ENABLE_MODULES = YES;
				CLANG_ENABLE_OBJC_ARC = YES;
				CLANG_ENABLE_OBJC_WEAK = YES;
				CLANG_WARN_BLOCK_CAPTURE_AUTORELEASING = YES;
				CLANG_WARN_BOOL_CONVERSION = YES;
				CLANG_WARN_COMMA = YES;
				CLANG_WARN_CONSTANT_CONVERSION = YES;
				CLANG_WARN_DEPRECATED_OBJC_IMPLEMENTATIONS = YES;
				CLANG_WARN_DIRECT_OBJC_ISA_USAGE = YES_ERROR;
				CLANG_WARN_DOCUMENTATION_COMMENTS = YES;
				CLANG_WARN_EMPTY_BODY = YES;
				CLANG_WARN_ENUM_CONVERSION = YES;
				CLANG_WARN_INFINITE_RECURSION = YES;
				CLANG_WARN_INT_CONVERSION = YES;
				CLANG_WARN_NON_LITERAL_NULL_CONVERSION = YES;
				CLANG_WARN_OBJC_IMPLICIT_RETAIN_SELF = YES;
				CLANG_WARN_OBJC_LITERAL_CONVERSION = YES;
				CLANG_WARN_OBJC_ROOT_CLASS = YES_ERROR;
				CLANG_WARN_QUOTED_INCLUDE_IN_FRAMEWORK_HEADER = YES;
				CLANG_WARN_RANGE_LOOP_ANALYSIS = YES;
				CLANG_WARN_STRICT_PROTOTYPES = YES;
				CLANG_WARN_SUSPICIOUS_MOVE = YES;
				CLANG_WARN_UNGUARDED_AVAILABILITY = YES_AGGRESSIVE;
				CLANG_WARN_UNREACHABLE_CODE = YES;
				CLANG_WARN__DUPLICATE_METHOD_MATCH = YES;
				COPY_PHASE_STRIP = NO;
				DEBUG_INFORMATION_FORMAT = "dwarf-with-dsym";
				ENABLE_NS_ASSERTIONS = NO;
				ENABLE_STRICT_OBJC_MSGSEND = YES;
				GCC_C_LANGUAGE_STANDARD = gnu11;
				GCC_NO_COMMON_BLOCKS = YES;
				GCC_WARN_64_TO_32_BIT_CONVERSION = YES;
				GCC_WARN_ABOUT_RETURN_TYPE = YES_ERROR;
				GCC_WARN_UNDECLARED_SELECTOR = YES;
				GCC_WARN_UNINITIALIZED_AUTOS = YES_AGGRESSIVE;
				GCC_WARN_UNUSED_FUNCTION = YES;
				GCC_WARN_UNUSED_VARIABLE = YES;
				IPHONEOS_DEPLOYMENT_TARGET = 15.5;
				MTL_ENABLE_DEBUG_INFO = NO;
				MTL_FAST_MATH = YES;
				SDKROOT = iphoneos;
				SWIFT_COMPILATION_MODE = wholemodule;
				SWIFT_OPTIMIZATION_LEVEL = "-O";
				VALIDATE_PRODUCT = YES;
			};
			name = Release;
		};
		06D13AE7284A429700A359E0 /* Debug */ = {
			isa = XCBuildConfiguration;
			buildSettings = {
				ASSETCATALOG_COMPILER_APPICON_NAME = AppIcon;
				ASSETCATALOG_COMPILER_GLOBAL_ACCENT_COLOR_NAME = AccentColor;
				CODE_SIGN_IDENTITY = "Apple Development";
				CODE_SIGN_STYLE = Automatic;
				CURRENT_PROJECT_VERSION = 1;
				DEVELOPMENT_ASSET_PATHS = "\"MetroTransitBoardiOS/Preview Content\"";
				DEVELOPMENT_TEAM = F8SAUD58HS;
				ENABLE_PREVIEWS = YES;
				GENERATE_INFOPLIST_FILE = YES;
				INFOPLIST_FILE = MetroTransitBoardiOS/Info.plist;
				INFOPLIST_KEY_UIApplicationSceneManifest_Generation = YES;
				INFOPLIST_KEY_UIApplicationSupportsIndirectInputEvents = YES;
				INFOPLIST_KEY_UILaunchScreen_Generation = YES;
				INFOPLIST_KEY_UISupportedInterfaceOrientations_iPad = "UIInterfaceOrientationPortrait UIInterfaceOrientationPortraitUpsideDown UIInterfaceOrientationLandscapeLeft UIInterfaceOrientationLandscapeRight";
				INFOPLIST_KEY_UISupportedInterfaceOrientations_iPhone = "UIInterfaceOrientationPortrait UIInterfaceOrientationLandscapeLeft UIInterfaceOrientationLandscapeRight";
				LD_RUNPATH_SEARCH_PATHS = (
					"$(inherited)",
					"@executable_path/Frameworks",
				);
				MARKETING_VERSION = 1.0;
				PRODUCT_BUNDLE_IDENTIFIER = dev.hearst.MetroTransitBoardiOS;
				PRODUCT_NAME = "$(TARGET_NAME)";
				PROVISIONING_PROFILE_SPECIFIER = "";
				SWIFT_EMIT_LOC_STRINGS = YES;
				SWIFT_VERSION = 5.0;
				TARGETED_DEVICE_FAMILY = "1,2";
			};
			name = Debug;
		};
		06D13AE8284A429700A359E0 /* Release */ = {
			isa = XCBuildConfiguration;
			buildSettings = {
				ASSETCATALOG_COMPILER_APPICON_NAME = AppIcon;
				ASSETCATALOG_COMPILER_GLOBAL_ACCENT_COLOR_NAME = AccentColor;
				CODE_SIGN_IDENTITY = "Apple Development";
				CODE_SIGN_STYLE = Automatic;
				CURRENT_PROJECT_VERSION = 1;
				DEVELOPMENT_ASSET_PATHS = "\"MetroTransitBoardiOS/Preview Content\"";
				DEVELOPMENT_TEAM = F8SAUD58HS;
				ENABLE_PREVIEWS = YES;
				GENERATE_INFOPLIST_FILE = YES;
				INFOPLIST_FILE = MetroTransitBoardiOS/Info.plist;
				INFOPLIST_KEY_UIApplicationSceneManifest_Generation = YES;
				INFOPLIST_KEY_UIApplicationSupportsIndirectInputEvents = YES;
				INFOPLIST_KEY_UILaunchScreen_Generation = YES;
				INFOPLIST_KEY_UISupportedInterfaceOrientations_iPad = "UIInterfaceOrientationPortrait UIInterfaceOrientationPortraitUpsideDown UIInterfaceOrientationLandscapeLeft UIInterfaceOrientationLandscapeRight";
				INFOPLIST_KEY_UISupportedInterfaceOrientations_iPhone = "UIInterfaceOrientationPortrait UIInterfaceOrientationLandscapeLeft UIInterfaceOrientationLandscapeRight";
				LD_RUNPATH_SEARCH_PATHS = (
					"$(inherited)",
					"@executable_path/Frameworks",
				);
				MARKETING_VERSION = 1.0;
				PRODUCT_BUNDLE_IDENTIFIER = dev.hearst.MetroTransitBoardiOS;
				PRODUCT_NAME = "$(TARGET_NAME)";
				PROVISIONING_PROFILE_SPECIFIER = "";
				SWIFT_EMIT_LOC_STRINGS = YES;
				SWIFT_VERSION = 5.0;
				TARGETED_DEVICE_FAMILY = "1,2";
			};
			name = Release;
		};
/* End XCBuildConfiguration section */

/* Begin XCConfigurationList section */
		06D13AD3284A429600A359E0 /* Build configuration list for PBXProject "MetroTransitBoardiOS" */ = {
			isa = XCConfigurationList;
			buildConfigurations = (
				06D13AE4284A429700A359E0 /* Debug */,
				06D13AE5284A429700A359E0 /* Release */,
			);
			defaultConfigurationIsVisible = 0;
			defaultConfigurationName = Release;
		};
		06D13AE6284A429700A359E0 /* Build configuration list for PBXNativeTarget "MetroTransitBoardiOS" */ = {
			isa = XCConfigurationList;
			buildConfigurations = (
				06D13AE7284A429700A359E0 /* Debug */,
				06D13AE8284A429700A359E0 /* Release */,
			);
			defaultConfigurationIsVisible = 0;
			defaultConfigurationName = Release;
		};
/* End XCConfigurationList section */

/* Begin XCRemoteSwiftPackageReference section */
		06D13AE9284A42BA00A359E0 /* XCRemoteSwiftPackageReference "metrotransitkit" */ = {
			isa = XCRemoteSwiftPackageReference;
			repositoryURL = "https://github.com/jacobhearst/metrotransitkit";
			requirement = {
				kind = upToNextMajorVersion;
				minimumVersion = 2.0.0;
			};
		};
/* End XCRemoteSwiftPackageReference section */

/* Begin XCSwiftPackageProductDependency section */
		06D13AEA284A42BA00A359E0 /* MetroTransitKit */ = {
			isa = XCSwiftPackageProductDependency;
			package = 06D13AE9284A42BA00A359E0 /* XCRemoteSwiftPackageReference "metrotransitkit" */;
			productName = MetroTransitKit;
		};
/* End XCSwiftPackageProductDependency section */
	};
	rootObject = 06D13AD0284A429600A359E0 /* Project object */;
}
